[[package]]
name = "ansicon"
version = "1.89.0"
description = "Python wrapper for loading Jason Hood's ANSICON"
category = "main"
optional = false
python-versions = "*"

[[package]]
name = "arrow"
version = "0.15.8"
description = "Better dates & times for Python"
category = "main"
optional = false
python-versions = ">=2.7, !=3.0.*, !=3.1.*, !=3.2.*, !=3.3.*, !=3.4.*"

[package.dependencies]
python-dateutil = "*"

[[package]]
name = "asgiref"
version = "3.3.1"
description = "ASGI specs, helper code, and adapters"
category = "main"
optional = false
python-versions = ">=3.5"

[package.extras]
tests = ["pytest", "pytest-asyncio"]

[[package]]
name = "atomicwrites"
version = "1.4.0"
description = "Atomic file writes."
category = "dev"
optional = false
python-versions = ">=2.7, !=3.0.*, !=3.1.*, !=3.2.*, !=3.3.*"

[[package]]
name = "attrs"
version = "20.3.0"
description = "Classes Without Boilerplate"
category = "dev"
optional = false
python-versions = ">=2.7, !=3.0.*, !=3.1.*, !=3.2.*, !=3.3.*"

[package.extras]
dev = ["coverage[toml] (>=5.0.2)", "hypothesis", "pympler", "pytest (>=4.3.0)", "six", "zope.interface", "furo", "sphinx", "pre-commit"]
docs = ["furo", "sphinx", "zope.interface"]
tests = ["coverage[toml] (>=5.0.2)", "hypothesis", "pympler", "pytest (>=4.3.0)", "six", "zope.interface"]
tests_no_zope = ["coverage[toml] (>=5.0.2)", "hypothesis", "pympler", "pytest (>=4.3.0)", "six"]

[[package]]
name = "blessed"
version = "1.18.0"
description = "Easy, practical library for making terminal apps, by providing an elegant, well-documented interface to Colors, Keyboard input, and screen Positioning capabilities."
category = "main"
optional = false
python-versions = "*"

[package.dependencies]
jinxed = {version = ">=0.5.4", markers = "platform_system == \"Windows\""}
six = ">=1.9.0"
wcwidth = ">=0.1.4"

[[package]]
name = "boto3"
version = "1.15.18"
description = "The AWS SDK for Python"
category = "main"
optional = true
python-versions = "*"

[package.dependencies]
botocore = ">=1.18.18,<1.19.0"
jmespath = ">=0.7.1,<1.0.0"
s3transfer = ">=0.3.0,<0.4.0"

[[package]]
name = "botocore"
version = "1.18.18"
description = "Low-level, data-driven core of boto 3."
category = "main"
optional = true
python-versions = "*"

[package.dependencies]
jmespath = ">=0.7.1,<1.0.0"
python-dateutil = ">=2.1,<3.0.0"
urllib3 = {version = ">=1.20,<1.26", markers = "python_version != \"3.4\""}

[[package]]
name = "certifi"
version = "2020.12.5"
description = "Python package for providing Mozilla's CA Bundle."
category = "main"
optional = true
python-versions = "*"

[[package]]
name = "chardet"
version = "4.0.0"
description = "Universal encoding detector for Python 2 and 3"
category = "main"
optional = true
python-versions = ">=2.7, !=3.0.*, !=3.1.*, !=3.2.*, !=3.3.*, !=3.4.*"

[[package]]
name = "colorama"
version = "0.4.4"
description = "Cross-platform colored terminal text."
category = "dev"
optional = false
python-versions = ">=2.7, !=3.0.*, !=3.1.*, !=3.2.*, !=3.3.*, !=3.4.*"

[[package]]
name = "croniter"
version = "0.3.37"
description = "croniter provides iteration for datetime object with cron like format"
category = "main"
optional = true
python-versions = ">=2.6, !=3.0.*, !=3.1.*, !=3.2.*, !=3.3.*"

[package.dependencies]
natsort = "*"
python-dateutil = "*"

[[package]]
name = "django"
version = "3.1.8"
description = "A high-level Python Web framework that encourages rapid development and clean, pragmatic design."
category = "main"
optional = false
python-versions = ">=3.6"

[package.dependencies]
asgiref = ">=3.2.10,<4"
pytz = "*"
sqlparse = ">=0.2.2"

[package.extras]
argon2 = ["argon2-cffi (>=16.1.0)"]
bcrypt = ["bcrypt"]

[[package]]
name = "django-picklefield"
version = "3.0.1"
description = "Pickled object field for Django"
category = "main"
optional = false
python-versions = ">=3"

[package.dependencies]
Django = ">=2.2"

[package.extras]
tests = ["tox"]

[[package]]
name = "django-q-rollbar"
version = "0.1.1"
description = "A Rollbar support plugin for Django Q"
category = "main"
optional = true
python-versions = "*"

[[package]]
name = "django-q-sentry"
version = "0.1.5"
description = "A Sentry support plugin for Django Q"
category = "main"
optional = true
python-versions = "*"

[package.dependencies]
sentry-sdk = ">=0.16.5"

[[package]]
name = "django-redis"
version = "4.12.1"
description = "Full featured redis cache backend for Django."
category = "main"
optional = true
python-versions = ">=3.5"

[package.dependencies]
Django = ">=2.2"
redis = ">=3.0.0"

[[package]]
name = "hiredis"
version = "1.1.0"
description = "Python wrapper for hiredis"
category = "main"
optional = true
python-versions = ">=2.7, !=3.0.*, !=3.1.*, !=3.2.*, !=3.3.*"

[[package]]
name = "idna"
version = "2.10"
description = "Internationalized Domain Names in Applications (IDNA)"
category = "main"
optional = true
python-versions = ">=2.7, !=3.0.*, !=3.1.*, !=3.2.*, !=3.3.*"

[[package]]
name = "importlib-metadata"
version = "3.7.3"
description = "Read metadata from Python packages"
category = "dev"
optional = false
python-versions = ">=3.6"

[package.dependencies]
typing-extensions = {version = ">=3.6.4", markers = "python_version < \"3.8\""}
zipp = ">=0.5"

[package.extras]
docs = ["sphinx", "jaraco.packaging (>=8.2)", "rst.linker (>=1.9)"]
testing = ["pytest (>=3.5,!=3.7.3)", "pytest-checkdocs (>=1.2.3)", "pytest-flake8", "pytest-cov", "pytest-enabler", "packaging", "pep517", "pyfakefs", "flufl.flake8", "pytest-black (>=0.3.7)", "pytest-mypy", "importlib-resources (>=1.3)"]

[[package]]
name = "iron-core"
version = "1.2.0"
description = "Universal classes and methods for Iron.io API wrappers to build on."
category = "main"
optional = true
python-versions = "*"

[package.dependencies]
python-dateutil = "*"
requests = ">=1.1.0"

[[package]]
name = "iron-mq"
version = "0.9"
description = "Client library for IronMQ, a message queue in the cloud"
category = "main"
optional = true
python-versions = "*"

[package.dependencies]
iron_core = "*"

[[package]]
name = "jinxed"
version = "1.0.1"
description = "Jinxed Terminal Library"
category = "main"
optional = false
python-versions = "*"

[package.dependencies]
ansicon = {version = "*", markers = "platform_system == \"Windows\""}

[[package]]
name = "jmespath"
version = "0.10.0"
description = "JSON Matching Expressions"
category = "main"
optional = true
python-versions = ">=2.6, !=3.0.*, !=3.1.*, !=3.2.*"

[[package]]
name = "more-itertools"
version = "8.7.0"
description = "More routines for operating on iterables, beyond itertools"
category = "dev"
optional = false
python-versions = ">=3.5"

[[package]]
name = "natsort"
version = "7.1.1"
description = "Simple yet flexible natural sorting in Python."
category = "main"
optional = true
python-versions = ">=3.4"

[package.extras]
fast = ["fastnumbers (>=2.0.0)"]
icu = ["PyICU (>=1.0.0)"]

[[package]]
name = "packaging"
version = "20.9"
description = "Core utilities for Python packages"
category = "dev"
optional = false
python-versions = ">=2.7, !=3.0.*, !=3.1.*, !=3.2.*, !=3.3.*"

[package.dependencies]
pyparsing = ">=2.0.2"

[[package]]
name = "pluggy"
version = "0.13.1"
description = "plugin and hook calling mechanisms for python"
category = "dev"
optional = false
python-versions = ">=2.7, !=3.0.*, !=3.1.*, !=3.2.*, !=3.3.*"

[package.dependencies]
importlib-metadata = {version = ">=0.12", markers = "python_version < \"3.8\""}

[package.extras]
dev = ["pre-commit", "tox"]

[[package]]
name = "psutil"
version = "5.8.0"
description = "Cross-platform lib for process and system monitoring in Python."
category = "main"
optional = true
python-versions = ">=2.6, !=3.0.*, !=3.1.*, !=3.2.*, !=3.3.*"

[package.extras]
test = ["ipaddress", "mock", "unittest2", "enum34", "pywin32", "wmi"]

[[package]]
name = "py"
version = "1.10.0"
description = "library with cross-python path, ini-parsing, io, code, log facilities"
category = "dev"
optional = false
python-versions = ">=2.7, !=3.0.*, !=3.1.*, !=3.2.*, !=3.3.*"

[[package]]
name = "pymongo"
version = "3.11.3"
description = "Python driver for MongoDB <http://www.mongodb.org>"
category = "main"
optional = true
python-versions = "*"

[package.extras]
aws = ["pymongo-auth-aws (<2.0.0)"]
encryption = ["pymongocrypt (<2.0.0)"]
gssapi = ["pykerberos"]
ocsp = ["pyopenssl (>=17.2.0)", "requests (<3.0.0)", "service-identity (>=18.1.0)"]
snappy = ["python-snappy"]
srv = ["dnspython (>=1.16.0,<1.17.0)"]
tls = ["ipaddress"]
zstd = ["zstandard"]

[[package]]
name = "pyparsing"
version = "2.4.7"
description = "Python parsing module"
category = "dev"
optional = false
python-versions = ">=2.6, !=3.0.*, !=3.1.*, !=3.2.*"

[[package]]
name = "pytest"
version = "5.4.3"
description = "pytest: simple powerful testing with Python"
category = "dev"
optional = false
python-versions = ">=3.5"

[package.dependencies]
atomicwrites = {version = ">=1.0", markers = "sys_platform == \"win32\""}
attrs = ">=17.4.0"
colorama = {version = "*", markers = "sys_platform == \"win32\""}
importlib-metadata = {version = ">=0.12", markers = "python_version < \"3.8\""}
more-itertools = ">=4.0.0"
packaging = "*"
pluggy = ">=0.12,<1.0"
py = ">=1.5.0"
wcwidth = "*"

[package.extras]
checkqa-mypy = ["mypy (==v0.761)"]
testing = ["argcomplete", "hypothesis (>=3.56)", "mock", "nose", "requests", "xmlschema"]

[[package]]
name = "pytest-django"
version = "3.10.0"
description = "A Django plugin for pytest."
category = "dev"
optional = false
python-versions = ">=2.7, !=3.0.*, !=3.1.*, !=3.2.*, !=3.3.*"

[package.dependencies]
pytest = ">=3.6"

[package.extras]
docs = ["sphinx", "sphinx-rtd-theme"]
testing = ["django", "django-configurations (>=2.0)", "six"]

[[package]]
name = "python-dateutil"
version = "2.8.1"
description = "Extensions to the standard Python datetime module"
category = "main"
optional = false
python-versions = "!=3.0.*,!=3.1.*,!=3.2.*,>=2.7"

[package.dependencies]
six = ">=1.5"

[[package]]
name = "pytz"
version = "2021.1"
description = "World timezone definitions, modern and historical"
category = "main"
optional = false
python-versions = "*"

[[package]]
name = "redis"
version = "3.5.3"
description = "Python client for Redis key-value store"
category = "main"
optional = true
python-versions = ">=2.7, !=3.0.*, !=3.1.*, !=3.2.*, !=3.3.*, !=3.4.*"

[package.extras]
hiredis = ["hiredis (>=0.1.3)"]

[[package]]
name = "requests"
version = "2.25.1"
description = "Python HTTP for Humans."
category = "main"
optional = true
python-versions = ">=2.7, !=3.0.*, !=3.1.*, !=3.2.*, !=3.3.*, !=3.4.*"

[package.dependencies]
certifi = ">=2017.4.17"
chardet = ">=3.0.2,<5"
idna = ">=2.5,<3"
urllib3 = ">=1.21.1,<1.27"

[package.extras]
security = ["pyOpenSSL (>=0.14)", "cryptography (>=1.3.4)"]
socks = ["PySocks (>=1.5.6,!=1.5.7)", "win-inet-pton"]

[[package]]
name = "s3transfer"
version = "0.3.6"
description = "An Amazon S3 Transfer Manager"
category = "main"
optional = true
python-versions = "*"

[package.dependencies]
botocore = ">=1.12.36,<2.0a.0"

[[package]]
name = "sentry-sdk"
version = "1.0.0"
description = "Python client for Sentry (https://sentry.io)"
category = "main"
optional = true
python-versions = "*"

[package.dependencies]
certifi = "*"
urllib3 = ">=1.10.0"

[package.extras]
aiohttp = ["aiohttp (>=3.5)"]
beam = ["apache-beam (>=2.12)"]
bottle = ["bottle (>=0.12.13)"]
celery = ["celery (>=3)"]
chalice = ["chalice (>=1.16.0)"]
django = ["django (>=1.8)"]
falcon = ["falcon (>=1.4)"]
flask = ["flask (>=0.11)", "blinker (>=1.1)"]
pure_eval = ["pure-eval", "executing", "asttokens"]
pyspark = ["pyspark (>=2.4.4)"]
rq = ["rq (>=0.6)"]
sanic = ["sanic (>=0.8)"]
sqlalchemy = ["sqlalchemy (>=1.2)"]
tornado = ["tornado (>=5)"]

[[package]]
name = "six"
version = "1.15.0"
description = "Python 2 and 3 compatibility utilities"
category = "main"
optional = false
python-versions = ">=2.7, !=3.0.*, !=3.1.*, !=3.2.*"

[[package]]
name = "sqlparse"
version = "0.4.1"
description = "A non-validating SQL parser."
category = "main"
optional = false
python-versions = ">=3.5"

[[package]]
name = "typing-extensions"
version = "3.7.4.3"
description = "Backported and Experimental Type Hints for Python 3.5+"
category = "dev"
optional = false
python-versions = "*"

[[package]]
name = "urllib3"
version = "1.22"
description = "HTTP library with thread-safe connection pooling, file post, and more."
category = "main"
optional = true
python-versions = "*"

[package.extras]
secure = ["pyOpenSSL (>=0.14)", "cryptography (>=1.3.4)", "idna (>=2.0.0)", "certifi", "ipaddress"]
socks = ["PySocks (>=1.5.6,!=1.5.7,<2.0)"]

[[package]]
name = "wcwidth"
version = "0.2.5"
description = "Measures the displayed width of unicode strings in a terminal"
category = "main"
optional = false
python-versions = "*"

[[package]]
name = "zipp"
version = "3.4.1"
description = "Backport of pathlib-compatible object wrapper for zip files"
category = "dev"
optional = false
python-versions = ">=3.6"

[package.extras]
docs = ["sphinx", "jaraco.packaging (>=8.2)", "rst.linker (>=1.9)"]
testing = ["pytest (>=4.6)", "pytest-checkdocs (>=1.2.3)", "pytest-flake8", "pytest-cov", "pytest-enabler", "jaraco.itertools", "func-timeout", "pytest-black (>=0.3.7)", "pytest-mypy"]

[extras]
build-backend = []
requires = []
rollbar = ["django-q-rollbar"]
sentry = []

[metadata]
lock-version = "1.1"
python-versions = ">=3.6"
content-hash = "6d89bff8bd465aa4a5facd812172a970bf5edebdd8099141054f72aa63260c2a"

[metadata.files]
ansicon = [
    {file = "ansicon-1.89.0-py2.py3-none-any.whl", hash = "sha256:f1def52d17f65c2c9682cf8370c03f541f410c1752d6a14029f97318e4b9dfec"},
    {file = "ansicon-1.89.0.tar.gz", hash = "sha256:e4d039def5768a47e4afec8e89e83ec3ae5a26bf00ad851f914d1240b444d2b1"},
]
arrow = [
    {file = "arrow-0.15.8-py2.py3-none-any.whl", hash = "sha256:271b8e05174d48e50324ed0dc5d74796c839c7e579a4f21cf1a7394665f9e94f"},
    {file = "arrow-0.15.8.tar.gz", hash = "sha256:edc31dc051db12c95da9bac0271cd1027b8e36912daf6d4580af53b23e62721a"},
]
asgiref = [
    {file = "asgiref-3.3.1-py3-none-any.whl", hash = "sha256:5ee950735509d04eb673bd7f7120f8fa1c9e2df495394992c73234d526907e17"},
    {file = "asgiref-3.3.1.tar.gz", hash = "sha256:7162a3cb30ab0609f1a4c95938fd73e8604f63bdba516a7f7d64b83ff09478f0"},
]
atomicwrites = [
    {file = "atomicwrites-1.4.0-py2.py3-none-any.whl", hash = "sha256:6d1784dea7c0c8d4a5172b6c620f40b6e4cbfdf96d783691f2e1302a7b88e197"},
    {file = "atomicwrites-1.4.0.tar.gz", hash = "sha256:ae70396ad1a434f9c7046fd2dd196fc04b12f9e91ffb859164193be8b6168a7a"},
]
attrs = [
    {file = "attrs-20.3.0-py2.py3-none-any.whl", hash = "sha256:31b2eced602aa8423c2aea9c76a724617ed67cf9513173fd3a4f03e3a929c7e6"},
    {file = "attrs-20.3.0.tar.gz", hash = "sha256:832aa3cde19744e49938b91fea06d69ecb9e649c93ba974535d08ad92164f700"},
]
blessed = [
    {file = "blessed-1.18.0-py2.py3-none-any.whl", hash = "sha256:5b5e2f0563d5a668c282f3f5946f7b1abb70c85829461900e607e74d7725106e"},
    {file = "blessed-1.18.0.tar.gz", hash = "sha256:1312879f971330a1b7f2c6341f2ae7e2cbac244bfc9d0ecfbbecd4b0293bc755"},
]
boto3 = [
    {file = "boto3-1.15.18-py2.py3-none-any.whl", hash = "sha256:9ab957090f7893172768bb8b8d2c5cce0afd36a9d36d73a9fb14168f72d75a8b"},
    {file = "boto3-1.15.18.tar.gz", hash = "sha256:f56148e2c6b9a2d704218da42f07d72f00270bfddb13bc1bdea20d3327daa51e"},
]
botocore = [
    {file = "botocore-1.18.18-py2.py3-none-any.whl", hash = "sha256:de5f9fc0c7e88ee7ba831fa27475be258ae09ece99143ed623d3618a3c84ee2c"},
    {file = "botocore-1.18.18.tar.gz", hash = "sha256:e224754230e7e015836ba20037cac6321e8e2ce9b8627c14d579fcb37249decd"},
]
certifi = [
    {file = "certifi-2020.12.5-py2.py3-none-any.whl", hash = "sha256:719a74fb9e33b9bd44cc7f3a8d94bc35e4049deebe19ba7d8e108280cfd59830"},
    {file = "certifi-2020.12.5.tar.gz", hash = "sha256:1a4995114262bffbc2413b159f2a1a480c969de6e6eb13ee966d470af86af59c"},
]
chardet = [
    {file = "chardet-4.0.0-py2.py3-none-any.whl", hash = "sha256:f864054d66fd9118f2e67044ac8981a54775ec5b67aed0441892edb553d21da5"},
    {file = "chardet-4.0.0.tar.gz", hash = "sha256:0d6f53a15db4120f2b08c94f11e7d93d2c911ee118b6b30a04ec3ee8310179fa"},
]
colorama = [
    {file = "colorama-0.4.4-py2.py3-none-any.whl", hash = "sha256:9f47eda37229f68eee03b24b9748937c7dc3868f906e8ba69fbcbdd3bc5dc3e2"},
    {file = "colorama-0.4.4.tar.gz", hash = "sha256:5941b2b48a20143d2267e95b1c2a7603ce057ee39fd88e7329b0c292aa16869b"},
]
croniter = [
    {file = "croniter-0.3.37-py2.py3-none-any.whl", hash = "sha256:8f573a889ca9379e08c336193435c57c02698c2dd22659cdbe04fee57426d79b"},
    {file = "croniter-0.3.37.tar.gz", hash = "sha256:12ced475dfc107bf7c6c1440af031f34be14cd97bbbfaf0f62221a9c11e86404"},
]
django = [
    {file = "Django-3.1.8-py3-none-any.whl", hash = "sha256:c348b3ddc452bf4b62361f0752f71a339140c777ebea3cdaaaa8fdb7f417a862"},
    {file = "Django-3.1.8.tar.gz", hash = "sha256:f8393103e15ec2d2d313ccbb95a3f1da092f9f58d74ac1c61ca2ac0436ae1eac"},
]
django-picklefield = [
    {file = "django-picklefield-3.0.1.tar.gz", hash = "sha256:15ccba592ca953b9edf9532e64640329cd47b136b7f8f10f2939caa5f9ce4287"},
    {file = "django_picklefield-3.0.1-py3-none-any.whl", hash = "sha256:3c702a54fde2d322fe5b2f39b8f78d9f655b8f77944ab26f703be6c0ed335a35"},
]
django-q-rollbar = [
    {file = "django-q-rollbar-0.1.1.tar.gz", hash = "sha256:31bd30fbdd8934e626a6ac61faf36cbb514e6ed6eb7e766ce43af0d321613f9f"},
    {file = "django_q_rollbar-0.1.1-py3-none-any.whl", hash = "sha256:5b261a15bcdfa440c9e7574569e887046b084c7edeb01bfe4e273494e71ac07e"},
]
django-q-sentry = [
    {file = "django-q-sentry-0.1.5.tar.gz", hash = "sha256:6417b03ff19bce50de256e9b6e947c37b870bf00ad9acea775c0ce6e006e58ef"},
    {file = "django_q_sentry-0.1.5-py3-none-any.whl", hash = "sha256:11d7870c40194be4e610d9a19bd310477421349be30410f7f26dfbf4e3b93d3b"},
]
django-redis = [
    {file = "django-redis-4.12.1.tar.gz", hash = "sha256:306589c7021e6468b2656edc89f62b8ba67e8d5a1c8877e2688042263daa7a63"},
    {file = "django_redis-4.12.1-py3-none-any.whl", hash = "sha256:1133b26b75baa3664164c3f44b9d5d133d1b8de45d94d79f38d1adc5b1d502e5"},
]
hiredis = [
    {file = "hiredis-1.1.0-cp27-cp27m-macosx_10_6_intel.whl", hash = "sha256:289b31885b4996ce04cadfd5fc03d034dce8e2a8234479f7c9e23b9e245db06b"},
    {file = "hiredis-1.1.0-cp27-cp27m-manylinux1_i686.whl", hash = "sha256:7b0f63f10a166583ab744a58baad04e0f52cfea1ac27bfa1b0c21a48d1003c23"},
    {file = "hiredis-1.1.0-cp27-cp27m-manylinux1_x86_64.whl", hash = "sha256:6996883a8a6ff9117cbb3d6f5b0dcbbae6fb9e31e1a3e4e2f95e0214d9a1c655"},
    {file = "hiredis-1.1.0-cp27-cp27m-manylinux2010_i686.whl", hash = "sha256:b33aea449e7f46738811fbc6f0b3177c6777a572207412bbbf6f525ffed001ae"},
    {file = "hiredis-1.1.0-cp27-cp27m-manylinux2010_x86_64.whl", hash = "sha256:8daecd778c1da45b8bd54fd41ffcd471a86beed3d8e57a43acf7a8d63bba4058"},
    {file = "hiredis-1.1.0-cp27-cp27m-win32.whl", hash = "sha256:e82d6b930e02e80e5109b678c663a9ed210680ded81c1abaf54635d88d1da298"},
    {file = "hiredis-1.1.0-cp27-cp27m-win_amd64.whl", hash = "sha256:d2c0caffa47606d6d7c8af94ba42547bd2a441f06c74fd90a1ffe328524a6c64"},
    {file = "hiredis-1.1.0-cp27-cp27mu-manylinux1_i686.whl", hash = "sha256:47bcf3c5e6c1e87ceb86cdda2ee983fa0fe56a999e6185099b3c93a223f2fa9b"},
    {file = "hiredis-1.1.0-cp27-cp27mu-manylinux1_x86_64.whl", hash = "sha256:dcb2db95e629962db5a355047fb8aefb012df6c8ae608930d391619dbd96fd86"},
    {file = "hiredis-1.1.0-cp27-cp27mu-manylinux2010_i686.whl", hash = "sha256:7332d5c3e35154cd234fd79573736ddcf7a0ade7a986db35b6196b9171493e75"},
    {file = "hiredis-1.1.0-cp27-cp27mu-manylinux2010_x86_64.whl", hash = "sha256:6c96f64a54f030366657a54bb90b3093afc9c16c8e0dfa29fc0d6dbe169103a5"},
    {file = "hiredis-1.1.0-cp35-cp35m-macosx_10_6_intel.whl", hash = "sha256:b44f9421c4505c548435244d74037618f452844c5d3c67719d8a55e2613549da"},
    {file = "hiredis-1.1.0-cp35-cp35m-manylinux1_i686.whl", hash = "sha256:abfb15a6a7822f0fae681785cb38860e7a2cb1616a708d53df557b3d76c5bfd4"},
    {file = "hiredis-1.1.0-cp35-cp35m-manylinux1_x86_64.whl", hash = "sha256:89ebf69cb19a33d625db72d2ac589d26e936b8f7628531269accf4a3196e7872"},
    {file = "hiredis-1.1.0-cp35-cp35m-manylinux2010_i686.whl", hash = "sha256:5b1451727f02e7acbdf6aae4e06d75f66ee82966ff9114550381c3271a90f56c"},
    {file = "hiredis-1.1.0-cp35-cp35m-manylinux2010_x86_64.whl", hash = "sha256:7885b6f32c4a898e825bb7f56f36a02781ac4a951c63e4169f0afcf9c8c30dfb"},
    {file = "hiredis-1.1.0-cp35-cp35m-win32.whl", hash = "sha256:a04901757cb0fb0f5602ac11dda48f5510f94372144d06c2563ba56c480b467c"},
    {file = "hiredis-1.1.0-cp35-cp35m-win_amd64.whl", hash = "sha256:3bb9b63d319402cead8bbd9dd55dca3b667d2997e9a0d8a1f9b6cc274db4baee"},
    {file = "hiredis-1.1.0-cp36-cp36m-macosx_10_6_intel.whl", hash = "sha256:e0eeb9c112fec2031927a1745788a181d0eecbacbed941fc5c4f7bc3f7b273bf"},
    {file = "hiredis-1.1.0-cp36-cp36m-manylinux1_i686.whl", hash = "sha256:18402d9e54fb278cb9a8c638df6f1550aca36a009d47ecf5aa263a38600f35b0"},
    {file = "hiredis-1.1.0-cp36-cp36m-manylinux1_x86_64.whl", hash = "sha256:cdfd501c7ac5b198c15df800a3a34c38345f5182e5f80770caf362bccca65628"},
    {file = "hiredis-1.1.0-cp36-cp36m-manylinux2010_i686.whl", hash = "sha256:43b8ed3dbfd9171e44c554cb4acf4ee4505caa84c5e341858b50ea27dd2b6e12"},
    {file = "hiredis-1.1.0-cp36-cp36m-manylinux2010_x86_64.whl", hash = "sha256:c2851deeabd96d3f6283e9c6b26e0bfed4de2dc6fb15edf913e78b79fc5909ed"},
    {file = "hiredis-1.1.0-cp36-cp36m-win32.whl", hash = "sha256:955ba8ea73cf3ed8bd2f963b4cb9f8f0dcb27becd2f4b3dd536fd24c45533454"},
    {file = "hiredis-1.1.0-cp36-cp36m-win_amd64.whl", hash = "sha256:5263db1e2e1e8ae30500cdd75a979ff99dcc184201e6b4b820d0de74834d2323"},
    {file = "hiredis-1.1.0-cp37-cp37m-macosx_10_6_intel.whl", hash = "sha256:e154891263306200260d7f3051982774d7b9ef35af3509d5adbbe539afd2610c"},
    {file = "hiredis-1.1.0-cp37-cp37m-manylinux1_i686.whl", hash = "sha256:964f18a59f5a64c0170f684c417f4fe3e695a536612e13074c4dd5d1c6d7c882"},
    {file = "hiredis-1.1.0-cp37-cp37m-manylinux1_x86_64.whl", hash = "sha256:23344e3c2177baf6975fbfa361ed92eb7d36d08f454636e5054b3faa7c2aff8a"},
    {file = "hiredis-1.1.0-cp37-cp37m-manylinux2010_i686.whl", hash = "sha256:b27f082f47d23cffc4cf1388b84fdc45c4ef6015f906cd7e0d988d9e35d36349"},
    {file = "hiredis-1.1.0-cp37-cp37m-manylinux2010_x86_64.whl", hash = "sha256:aa0af2deb166a5e26e0d554b824605e660039b161e37ed4f01b8d04beec184f3"},
    {file = "hiredis-1.1.0-cp37-cp37m-win32.whl", hash = "sha256:819f95d4eba3f9e484dd115ab7ab72845cf766b84286a00d4ecf76d33f1edca1"},
    {file = "hiredis-1.1.0-cp37-cp37m-win_amd64.whl", hash = "sha256:2c1c570ae7bf1bab304f29427e2475fe1856814312c4a1cf1cd0ee133f07a3c6"},
    {file = "hiredis-1.1.0-cp38-cp38-macosx_10_9_x86_64.whl", hash = "sha256:9e9c9078a7ce07e6fce366bd818be89365a35d2e4b163268f0ca9ba7e13bb2f6"},
    {file = "hiredis-1.1.0-cp38-cp38-manylinux1_i686.whl", hash = "sha256:2c227c0ed371771ffda256034427320870e8ea2e4fd0c0a618c766e7c49aad73"},
    {file = "hiredis-1.1.0-cp38-cp38-manylinux1_x86_64.whl", hash = "sha256:0a909bf501459062aa1552be1461456518f367379fdc9fdb1f2ca5e4a1fdd7c0"},
    {file = "hiredis-1.1.0-cp38-cp38-manylinux2010_i686.whl", hash = "sha256:1e4cbbc3858ec7e680006e5ca590d89a5e083235988f26a004acf7244389ac01"},
    {file = "hiredis-1.1.0-cp38-cp38-manylinux2010_x86_64.whl", hash = "sha256:a7bf1492429f18d205f3a818da3ff1f242f60aa59006e53dee00b4ef592a3363"},
    {file = "hiredis-1.1.0-cp38-cp38-win32.whl", hash = "sha256:bcc371151d1512201d0214c36c0c150b1dc64f19c2b1a8c9cb1d7c7c15ebd93f"},
    {file = "hiredis-1.1.0-cp38-cp38-win_amd64.whl", hash = "sha256:e64be68255234bb489a574c4f2f8df7029c98c81ec4d160d6cd836e7f0679390"},
    {file = "hiredis-1.1.0-pp27-pypy_73-manylinux1_x86_64.whl", hash = "sha256:8968eeaa4d37a38f8ca1f9dbe53526b69628edc9c42229a5b2f56d98bb828c1f"},
    {file = "hiredis-1.1.0-pp27-pypy_73-manylinux2010_x86_64.whl", hash = "sha256:b253fe4df2afea4dfa6b1fa8c5fef212aff8bcaaeb4207e81eed05cb5e4a7919"},
    {file = "hiredis-1.1.0-pp27-pypy_73-win32.whl", hash = "sha256:969843fbdfbf56cdb71da6f0bdf50f9985b8b8aeb630102945306cf10a9c6af2"},
    {file = "hiredis-1.1.0-pp36-pypy36_pp73-manylinux1_x86_64.whl", hash = "sha256:e2e023a42dcbab8ed31f97c2bcdb980b7fbe0ada34037d87ba9d799664b58ded"},
    {file = "hiredis-1.1.0-pp36-pypy36_pp73-manylinux2010_x86_64.whl", hash = "sha256:06a039208f83744a702279b894c8cf24c14fd63c59cd917dcde168b79eef0680"},
    {file = "hiredis-1.1.0-pp36-pypy36_pp73-win32.whl", hash = "sha256:3ef2183de67b59930d2db8b8e8d4d58e00a50fcc5e92f4f678f6eed7a1c72d55"},
    {file = "hiredis-1.1.0.tar.gz", hash = "sha256:996021ef33e0f50b97ff2d6b5f422a0fe5577de21a8873b58a779a5ddd1c3132"},
]
idna = [
    {file = "idna-2.10-py2.py3-none-any.whl", hash = "sha256:b97d804b1e9b523befed77c48dacec60e6dcb0b5391d57af6a65a312a90648c0"},
    {file = "idna-2.10.tar.gz", hash = "sha256:b307872f855b18632ce0c21c5e45be78c0ea7ae4c15c828c20788b26921eb3f6"},
]
importlib-metadata = [
    {file = "importlib_metadata-3.7.3-py3-none-any.whl", hash = "sha256:b74159469b464a99cb8cc3e21973e4d96e05d3024d337313fedb618a6e86e6f4"},
    {file = "importlib_metadata-3.7.3.tar.gz", hash = "sha256:742add720a20d0467df2f444ae41704000f50e1234f46174b51f9c6031a1bd71"},
]
iron-core = [
    {file = "iron-core-1.2.0.tar.gz", hash = "sha256:38f0942e86bf72d426560a66e4e14ffafdc52da5bee9925a2ac3968b30c3725b"},
]
iron-mq = [
    {file = "iron-mq-0.9.tar.gz", hash = "sha256:c90441d872d9c08968343810a2ad1cca1664d80fd2ad3a3a2dbec57b7b38ecfa"},
]
jinxed = [
    {file = "jinxed-1.0.1-py2.py3-none-any.whl", hash = "sha256:602f2cb3523c1045456f7b6d79ac19297fd8e933ae3bd9159845dc857f2d519c"},
    {file = "jinxed-1.0.1.tar.gz", hash = "sha256:bc523c74fe676c99ccc69c68c2dcd7d4d2d7b2541f6dbef74ef211aedd8ad0d3"},
]
jmespath = [
    {file = "jmespath-0.10.0-py2.py3-none-any.whl", hash = "sha256:cdf6525904cc597730141d61b36f2e4b8ecc257c420fa2f4549bac2c2d0cb72f"},
    {file = "jmespath-0.10.0.tar.gz", hash = "sha256:b85d0567b8666149a93172712e68920734333c0ce7e89b78b3e987f71e5ed4f9"},
]
more-itertools = [
    {file = "more-itertools-8.7.0.tar.gz", hash = "sha256:c5d6da9ca3ff65220c3bfd2a8db06d698f05d4d2b9be57e1deb2be5a45019713"},
    {file = "more_itertools-8.7.0-py3-none-any.whl", hash = "sha256:5652a9ac72209ed7df8d9c15daf4e1aa0e3d2ccd3c87f8265a0673cd9cbc9ced"},
]
natsort = [
    {file = "natsort-7.1.1-py3-none-any.whl", hash = "sha256:d0f4fc06ca163fa4a5ef638d9bf111c67f65eedcc7920f98dec08e489045b67e"},
    {file = "natsort-7.1.1.tar.gz", hash = "sha256:00c603a42365830c4722a2eb7663a25919551217ec09a243d3399fa8dd4ac403"},
]
packaging = [
    {file = "packaging-20.9-py2.py3-none-any.whl", hash = "sha256:67714da7f7bc052e064859c05c595155bd1ee9f69f76557e21f051443c20947a"},
    {file = "packaging-20.9.tar.gz", hash = "sha256:5b327ac1320dc863dca72f4514ecc086f31186744b84a230374cc1fd776feae5"},
]
pluggy = [
    {file = "pluggy-0.13.1-py2.py3-none-any.whl", hash = "sha256:966c145cd83c96502c3c3868f50408687b38434af77734af1e9ca461a4081d2d"},
    {file = "pluggy-0.13.1.tar.gz", hash = "sha256:15b2acde666561e1298d71b523007ed7364de07029219b604cf808bfa1c765b0"},
]
psutil = [
    {file = "psutil-5.8.0-cp27-cp27m-macosx_10_9_x86_64.whl", hash = "sha256:0066a82f7b1b37d334e68697faba68e5ad5e858279fd6351c8ca6024e8d6ba64"},
    {file = "psutil-5.8.0-cp27-cp27m-manylinux2010_i686.whl", hash = "sha256:0ae6f386d8d297177fd288be6e8d1afc05966878704dad9847719650e44fc49c"},
    {file = "psutil-5.8.0-cp27-cp27m-manylinux2010_x86_64.whl", hash = "sha256:12d844996d6c2b1d3881cfa6fa201fd635971869a9da945cf6756105af73d2df"},
    {file = "psutil-5.8.0-cp27-cp27mu-manylinux2010_i686.whl", hash = "sha256:02b8292609b1f7fcb34173b25e48d0da8667bc85f81d7476584d889c6e0f2131"},
    {file = "psutil-5.8.0-cp27-cp27mu-manylinux2010_x86_64.whl", hash = "sha256:6ffe81843131ee0ffa02c317186ed1e759a145267d54fdef1bc4ea5f5931ab60"},
    {file = "psutil-5.8.0-cp27-none-win32.whl", hash = "sha256:ea313bb02e5e25224e518e4352af4bf5e062755160f77e4b1767dd5ccb65f876"},
    {file = "psutil-5.8.0-cp27-none-win_amd64.whl", hash = "sha256:5da29e394bdedd9144c7331192e20c1f79283fb03b06e6abd3a8ae45ffecee65"},
    {file = "psutil-5.8.0-cp36-cp36m-macosx_10_9_x86_64.whl", hash = "sha256:74fb2557d1430fff18ff0d72613c5ca30c45cdbfcddd6a5773e9fc1fe9364be8"},
    {file = "psutil-5.8.0-cp36-cp36m-manylinux2010_i686.whl", hash = "sha256:74f2d0be88db96ada78756cb3a3e1b107ce8ab79f65aa885f76d7664e56928f6"},
    {file = "psutil-5.8.0-cp36-cp36m-manylinux2010_x86_64.whl", hash = "sha256:99de3e8739258b3c3e8669cb9757c9a861b2a25ad0955f8e53ac662d66de61ac"},
    {file = "psutil-5.8.0-cp36-cp36m-win32.whl", hash = "sha256:36b3b6c9e2a34b7d7fbae330a85bf72c30b1c827a4366a07443fc4b6270449e2"},
    {file = "psutil-5.8.0-cp36-cp36m-win_amd64.whl", hash = "sha256:52de075468cd394ac98c66f9ca33b2f54ae1d9bff1ef6b67a212ee8f639ec06d"},
    {file = "psutil-5.8.0-cp37-cp37m-macosx_10_9_x86_64.whl", hash = "sha256:c6a5fd10ce6b6344e616cf01cc5b849fa8103fbb5ba507b6b2dee4c11e84c935"},
    {file = "psutil-5.8.0-cp37-cp37m-manylinux2010_i686.whl", hash = "sha256:61f05864b42fedc0771d6d8e49c35f07efd209ade09a5afe6a5059e7bb7bf83d"},
    {file = "psutil-5.8.0-cp37-cp37m-manylinux2010_x86_64.whl", hash = "sha256:0dd4465a039d343925cdc29023bb6960ccf4e74a65ad53e768403746a9207023"},
    {file = "psutil-5.8.0-cp37-cp37m-win32.whl", hash = "sha256:1bff0d07e76114ec24ee32e7f7f8d0c4b0514b3fae93e3d2aaafd65d22502394"},
    {file = "psutil-5.8.0-cp37-cp37m-win_amd64.whl", hash = "sha256:fcc01e900c1d7bee2a37e5d6e4f9194760a93597c97fee89c4ae51701de03563"},
    {file = "psutil-5.8.0-cp38-cp38-macosx_10_9_x86_64.whl", hash = "sha256:6223d07a1ae93f86451d0198a0c361032c4c93ebd4bf6d25e2fb3edfad9571ef"},
    {file = "psutil-5.8.0-cp38-cp38-manylinux2010_i686.whl", hash = "sha256:d225cd8319aa1d3c85bf195c4e07d17d3cd68636b8fc97e6cf198f782f99af28"},
    {file = "psutil-5.8.0-cp38-cp38-manylinux2010_x86_64.whl", hash = "sha256:28ff7c95293ae74bf1ca1a79e8805fcde005c18a122ca983abf676ea3466362b"},
    {file = "psutil-5.8.0-cp38-cp38-win32.whl", hash = "sha256:ce8b867423291cb65cfc6d9c4955ee9bfc1e21fe03bb50e177f2b957f1c2469d"},
    {file = "psutil-5.8.0-cp38-cp38-win_amd64.whl", hash = "sha256:90f31c34d25b1b3ed6c40cdd34ff122b1887a825297c017e4cbd6796dd8b672d"},
    {file = "psutil-5.8.0-cp39-cp39-macosx_10_9_x86_64.whl", hash = "sha256:6323d5d845c2785efb20aded4726636546b26d3b577aded22492908f7c1bdda7"},
    {file = "psutil-5.8.0-cp39-cp39-manylinux2010_i686.whl", hash = "sha256:245b5509968ac0bd179287d91210cd3f37add77dad385ef238b275bad35fa1c4"},
    {file = "psutil-5.8.0-cp39-cp39-manylinux2010_x86_64.whl", hash = "sha256:90d4091c2d30ddd0a03e0b97e6a33a48628469b99585e2ad6bf21f17423b112b"},
    {file = "psutil-5.8.0-cp39-cp39-win32.whl", hash = "sha256:ea372bcc129394485824ae3e3ddabe67dc0b118d262c568b4d2602a7070afdb0"},
    {file = "psutil-5.8.0-cp39-cp39-win_amd64.whl", hash = "sha256:f4634b033faf0d968bb9220dd1c793b897ab7f1189956e1aa9eae752527127d3"},
    {file = "psutil-5.8.0.tar.gz", hash = "sha256:0c9ccb99ab76025f2f0bbecf341d4656e9c1351db8cc8a03ccd62e318ab4b5c6"},
]
py = [
    {file = "py-1.10.0-py2.py3-none-any.whl", hash = "sha256:3b80836aa6d1feeaa108e046da6423ab8f6ceda6468545ae8d02d9d58d18818a"},
    {file = "py-1.10.0.tar.gz", hash = "sha256:21b81bda15b66ef5e1a777a21c4dcd9c20ad3efd0b3f817e7a809035269e1bd3"},
]
pymongo = [
    {file = "pymongo-3.11.3-cp27-cp27m-macosx_10_14_intel.whl", hash = "sha256:4d959e929cec805c2bf391418b1121590b4e7d5cb00af7b1ba521443d45a0918"},
    {file = "pymongo-3.11.3-cp27-cp27m-manylinux1_i686.whl", hash = "sha256:9fbffc5bad4df99a509783cbd449ed0d24fcd5a450c28e7756c8f20eda3d2aa5"},
    {file = "pymongo-3.11.3-cp27-cp27m-manylinux1_x86_64.whl", hash = "sha256:bd351ceb2decd23d523fc50bad631ee9ae6e97e7cdc355ce5600fe310484f96e"},
    {file = "pymongo-3.11.3-cp27-cp27m-win32.whl", hash = "sha256:7d2ae2f7c50adec20fde46a73465de31a6a6fbb4903240f8b7304549752ca7a1"},
    {file = "pymongo-3.11.3-cp27-cp27m-win_amd64.whl", hash = "sha256:b1aa62903a2c5768b0001632efdea2e8da6c80abdd520c2e8a16001cc9affb23"},
    {file = "pymongo-3.11.3-cp27-cp27mu-manylinux1_i686.whl", hash = "sha256:180511abfef70feb022360b35f4863dd68e08334197089201d5c52208de9ca2e"},
    {file = "pymongo-3.11.3-cp27-cp27mu-manylinux1_x86_64.whl", hash = "sha256:42f9ec9d77358f557fe17cc15e796c4d4d492ede1a30cba3664822cae66e97c5"},
    {file = "pymongo-3.11.3-cp34-cp34m-macosx_10_6_intel.whl", hash = "sha256:3dbc67754882d740f17809342892f0b24398770bd99d48c5cb5ba89f5f5dee4e"},
    {file = "pymongo-3.11.3-cp34-cp34m-manylinux1_i686.whl", hash = "sha256:733e1cfffc4cd99848230e2999c8a86e284c6af6746482f8ad2ad554dce14e39"},
    {file = "pymongo-3.11.3-cp34-cp34m-manylinux1_x86_64.whl", hash = "sha256:622a5157ffcd793d305387c1c9fb94185f496c8c9fd66dafb59de0807bc14ad7"},
    {file = "pymongo-3.11.3-cp34-cp34m-win32.whl", hash = "sha256:2aeb108da1ed8e066800fb447ba5ae89d560e6773d228398a87825ac3630452d"},
    {file = "pymongo-3.11.3-cp34-cp34m-win_amd64.whl", hash = "sha256:7c77801620e5e75fb9c7abae235d3cc45d212a67efa98f4972eef63e736a8daa"},
    {file = "pymongo-3.11.3-cp35-cp35m-macosx_10_6_intel.whl", hash = "sha256:29390c39ca873737689a0749c9c3257aad96b323439b11279fbc0ba8626ec9c5"},
    {file = "pymongo-3.11.3-cp35-cp35m-manylinux1_i686.whl", hash = "sha256:a8b02e0119d6ee381a265d8d2450a38096f82916d895fed2dfd81d4c7a54d6e4"},
    {file = "pymongo-3.11.3-cp35-cp35m-manylinux1_x86_64.whl", hash = "sha256:28633868be21a187702a8613913e13d1987d831529358c29fc6f6670413df040"},
    {file = "pymongo-3.11.3-cp35-cp35m-manylinux2014_aarch64.whl", hash = "sha256:685b884fa41bd2913fd20af85866c4ff886b7cbb7e4833b918996aa5d45a04be"},
    {file = "pymongo-3.11.3-cp35-cp35m-manylinux2014_i686.whl", hash = "sha256:7cd42c66d49ffb68dea065e1c8a4323e7ceab386e660fee9863d4fa227302ba9"},
    {file = "pymongo-3.11.3-cp35-cp35m-manylinux2014_ppc64le.whl", hash = "sha256:950710f7370613a6bfa2ccd842b488c5b8072e83fb6b7d45d99110bf44651d06"},
    {file = "pymongo-3.11.3-cp35-cp35m-manylinux2014_s390x.whl", hash = "sha256:c7fd18d4b7939408df9315fedbdb05e179760960a92b3752498e2fcd03f24c3d"},
    {file = "pymongo-3.11.3-cp35-cp35m-manylinux2014_x86_64.whl", hash = "sha256:cc359e408712faf9ea775f4c0ec8f2bfc843afe47747a657808d9595edd34d71"},
    {file = "pymongo-3.11.3-cp35-cp35m-win32.whl", hash = "sha256:7814b2cf23aad23464859973c5cd2066ca2fd99e0b934acefbb0b728ac2525bf"},
    {file = "pymongo-3.11.3-cp35-cp35m-win_amd64.whl", hash = "sha256:e1414599a97554d451e441afb362dbee1505e4550852c0068370d843757a3fe2"},
    {file = "pymongo-3.11.3-cp36-cp36m-macosx_10_6_intel.whl", hash = "sha256:0384d76b409278ddb34ac19cdc4664511685959bf719adbdc051875ded4689aa"},
    {file = "pymongo-3.11.3-cp36-cp36m-manylinux1_i686.whl", hash = "sha256:22ee2c94fee1e391735be63aa1c9af4c69fdcb325ae9e5e4ddff770248ef60a6"},
    {file = "pymongo-3.11.3-cp36-cp36m-manylinux1_x86_64.whl", hash = "sha256:db6fd53ef5f1914ad801830406440c3bfb701e38a607eda47c38adba267ba300"},
    {file = "pymongo-3.11.3-cp36-cp36m-manylinux2014_aarch64.whl", hash = "sha256:66b688fc139c6742057795510e3b12c4acbf90d11af1eff9689a41d9c84478d6"},
    {file = "pymongo-3.11.3-cp36-cp36m-manylinux2014_i686.whl", hash = "sha256:6a5834e392c97f19f36670e34bf9d346d733ad89ee0689a6419dd737dfa4308a"},
    {file = "pymongo-3.11.3-cp36-cp36m-manylinux2014_ppc64le.whl", hash = "sha256:87981008d565f647142869d99915cc4760b7725858da3d39ecb2a606e23f36fd"},
    {file = "pymongo-3.11.3-cp36-cp36m-manylinux2014_s390x.whl", hash = "sha256:413b18ac2222f5d961eb8d1c8dcca6c6ca176c8613636d8c13aa23abae7f7a21"},
    {file = "pymongo-3.11.3-cp36-cp36m-manylinux2014_x86_64.whl", hash = "sha256:610d5cbbfd026e2f6d15665af51e048e49b68363fedece2ed318cc8fe080dd94"},
    {file = "pymongo-3.11.3-cp36-cp36m-win32.whl", hash = "sha256:3873866534b6527e6863e742eb23ea2a539e3c7ee00ad3f9bec9da27dbaaff6f"},
    {file = "pymongo-3.11.3-cp36-cp36m-win_amd64.whl", hash = "sha256:b17e627844d86031c77147c40bf992a6e1114025a460874deeda6500d0f34862"},
    {file = "pymongo-3.11.3-cp37-cp37m-macosx_10_6_intel.whl", hash = "sha256:05e2bda928a3a6bc6ddff9e5a8579d41928b75d7417b18f9a67c82bb52150ac6"},
    {file = "pymongo-3.11.3-cp37-cp37m-manylinux1_i686.whl", hash = "sha256:19d52c60dc37520385f538d6d1a4c40bc398e0885f4ed6a36ce10b631dab2852"},
    {file = "pymongo-3.11.3-cp37-cp37m-manylinux1_x86_64.whl", hash = "sha256:2163d736d6f62b20753be5da3dc07a188420b355f057fcbb3075b05ee6227b2f"},
    {file = "pymongo-3.11.3-cp37-cp37m-manylinux2014_aarch64.whl", hash = "sha256:b4535d98df83abebb572035754fb3d4ad09ce7449375fa09fa9ede2dbc87b62b"},
    {file = "pymongo-3.11.3-cp37-cp37m-manylinux2014_i686.whl", hash = "sha256:cd8fc35d4c0c717cc29b0cb894871555cb7137a081e179877ecc537e2607f0b9"},
    {file = "pymongo-3.11.3-cp37-cp37m-manylinux2014_ppc64le.whl", hash = "sha256:92e2376ce3ca0e3e443b3c5c2bb5d584c7e59221edfb0035313c6306049ba55a"},
    {file = "pymongo-3.11.3-cp37-cp37m-manylinux2014_s390x.whl", hash = "sha256:4ca92e15fcf02e02e7c24b448a16599b98c9d0e6a46cd85cc50804450ebf7245"},
    {file = "pymongo-3.11.3-cp37-cp37m-manylinux2014_x86_64.whl", hash = "sha256:5a03ae5ac85b04b2034a0689add9ff597b16d5e24066a87f6ab0e9fa67049156"},
    {file = "pymongo-3.11.3-cp37-cp37m-win32.whl", hash = "sha256:bc2eb67387b8376120a2be6cba9d23f9d6a6c3828e00fb0a64c55ad7b54116d1"},
    {file = "pymongo-3.11.3-cp37-cp37m-win_amd64.whl", hash = "sha256:5e1341276ce8b7752db9aeac6bbb0cbe82a3f6a6186866bf6b4906d8d328d50b"},
    {file = "pymongo-3.11.3-cp38-cp38-macosx_10_9_x86_64.whl", hash = "sha256:4ac387ac1be71b798d1c372a924f9c30352f30e684e06f086091297352698ac0"},
    {file = "pymongo-3.11.3-cp38-cp38-manylinux1_i686.whl", hash = "sha256:728313cc0d59d1a1a004f675607dcf5c711ced3f55e75d82b3f264fd758869f3"},
    {file = "pymongo-3.11.3-cp38-cp38-manylinux1_x86_64.whl", hash = "sha256:daa44cefde19978af57ac1d50413cd86ebf2b497328e7a27832f5824bda47439"},
    {file = "pymongo-3.11.3-cp38-cp38-manylinux2014_aarch64.whl", hash = "sha256:322f6cc7bf23a264151ebc5229a92600c4b55ac83c83c91c9bab1ec92c888a8d"},
    {file = "pymongo-3.11.3-cp38-cp38-manylinux2014_i686.whl", hash = "sha256:6043d251fac27ca04ff22ed8deb5ff7a43dc18e8a4a15b4c442d2a20fa313162"},
    {file = "pymongo-3.11.3-cp38-cp38-manylinux2014_ppc64le.whl", hash = "sha256:66573c8c7808cce4f3b56c23cb7cad6c3d7f4c464b9016d35f5344ad743896d7"},
    {file = "pymongo-3.11.3-cp38-cp38-manylinux2014_s390x.whl", hash = "sha256:bf70097bd497089f1baabf9cbb3ec4f69c022dc7a70c41ba9c238fa4d0fff7ab"},
    {file = "pymongo-3.11.3-cp38-cp38-manylinux2014_x86_64.whl", hash = "sha256:f23abcf6eca5859a2982beadfb5111f8c5e76e30ff99aaee3c1c327f814f9f10"},
    {file = "pymongo-3.11.3-cp38-cp38-win32.whl", hash = "sha256:1d559a76ae87143ad96c2ecd6fdd38e691721e175df7ced3fcdc681b4638bca1"},
    {file = "pymongo-3.11.3-cp38-cp38-win_amd64.whl", hash = "sha256:152e4ac3158b776135d8fce28d2ac06e682b885fcbe86690d66465f262ab244e"},
    {file = "pymongo-3.11.3-cp39-cp39-macosx_10_9_x86_64.whl", hash = "sha256:34c15f5798f23488e509eae82fbf749c3d17db74379a88c07c869ece1aa806b9"},
    {file = "pymongo-3.11.3-cp39-cp39-manylinux1_i686.whl", hash = "sha256:210ec4a058480b9c3869082e52b66d80c4a48eda9682d7a569a1a5a48100ea54"},
    {file = "pymongo-3.11.3-cp39-cp39-manylinux1_x86_64.whl", hash = "sha256:b44fa04720bbfd617b6aef036989c8c30435f11450c0a59136291d7b41ed647f"},
    {file = "pymongo-3.11.3-cp39-cp39-manylinux2014_aarch64.whl", hash = "sha256:b32e4eed2ef19a20dfb57698497a9bc54e74efb2e260c003e9056c145f130dc7"},
    {file = "pymongo-3.11.3-cp39-cp39-manylinux2014_i686.whl", hash = "sha256:5091aacbdb667b418b751157f48f6daa17142c4f9063d58e5a64c90b2afbdf9a"},
    {file = "pymongo-3.11.3-cp39-cp39-manylinux2014_ppc64le.whl", hash = "sha256:bb6a5777bf558f444cd4883d617546182cfeff8f2d4acd885253f11a16740534"},
    {file = "pymongo-3.11.3-cp39-cp39-manylinux2014_s390x.whl", hash = "sha256:980527f4ccc6644855bb68056fe7835da6d06d37776a52df5bcc1882df57c3db"},
    {file = "pymongo-3.11.3-cp39-cp39-manylinux2014_x86_64.whl", hash = "sha256:65b67637f0a25ac9d25efb13c1578eb065870220ffa82f132c5b2d8e43ac39c3"},
    {file = "pymongo-3.11.3-cp39-cp39-win32.whl", hash = "sha256:f6748c447feeadda059719ef5ab1fb9d84bd370e205b20049a0e8b45ef4ad593"},
    {file = "pymongo-3.11.3-cp39-cp39-win_amd64.whl", hash = "sha256:ee42a8f850143ae7c67ea09a183a6a4ad8d053e1dbd9a1134e21a7b5c1bc6c73"},
    {file = "pymongo-3.11.3-py2.7-macosx-10.14-intel.egg", hash = "sha256:7edff02e44dd0badd749d7342e40705a398d98c5d8f7570f57cff9568c2351fa"},
    {file = "pymongo-3.11.3.tar.gz", hash = "sha256:db5098587f58fbf8582d9bda2462762b367207246d3e19623782fb449c3c5fcc"},
]
pyparsing = [
    {file = "pyparsing-2.4.7-py2.py3-none-any.whl", hash = "sha256:ef9d7589ef3c200abe66653d3f1ab1033c3c419ae9b9bdb1240a85b024efc88b"},
    {file = "pyparsing-2.4.7.tar.gz", hash = "sha256:c203ec8783bf771a155b207279b9bccb8dea02d8f0c9e5f8ead507bc3246ecc1"},
]
pytest = [
    {file = "pytest-5.4.3-py3-none-any.whl", hash = "sha256:5c0db86b698e8f170ba4582a492248919255fcd4c79b1ee64ace34301fb589a1"},
    {file = "pytest-5.4.3.tar.gz", hash = "sha256:7979331bfcba207414f5e1263b5a0f8f521d0f457318836a7355531ed1a4c7d8"},
]
pytest-django = [
    {file = "pytest-django-3.10.0.tar.gz", hash = "sha256:4de6dbd077ed8606616958f77655fed0d5e3ee45159475671c7fa67596c6dba6"},
    {file = "pytest_django-3.10.0-py2.py3-none-any.whl", hash = "sha256:c33e3d3da14d8409b125d825d4e74da17bb252191bf6fc3da6856e27a8b73ea4"},
]
python-dateutil = [
    {file = "python-dateutil-2.8.1.tar.gz", hash = "sha256:73ebfe9dbf22e832286dafa60473e4cd239f8592f699aa5adaf10050e6e1823c"},
    {file = "python_dateutil-2.8.1-py2.py3-none-any.whl", hash = "sha256:75bb3f31ea686f1197762692a9ee6a7550b59fc6ca3a1f4b5d7e32fb98e2da2a"},
]
pytz = [
    {file = "pytz-2021.1-py2.py3-none-any.whl", hash = "sha256:eb10ce3e7736052ed3623d49975ce333bcd712c7bb19a58b9e2089d4057d0798"},
    {file = "pytz-2021.1.tar.gz", hash = "sha256:83a4a90894bf38e243cf052c8b58f381bfe9a7a483f6a9cab140bc7f702ac4da"},
]
redis = [
    {file = "redis-3.5.3-py2.py3-none-any.whl", hash = "sha256:432b788c4530cfe16d8d943a09d40ca6c16149727e4afe8c2c9d5580c59d9f24"},
    {file = "redis-3.5.3.tar.gz", hash = "sha256:0e7e0cfca8660dea8b7d5cd8c4f6c5e29e11f31158c0b0ae91a397f00e5a05a2"},
]
requests = [
    {file = "requests-2.25.1-py2.py3-none-any.whl", hash = "sha256:c210084e36a42ae6b9219e00e48287def368a26d03a048ddad7bfee44f75871e"},
    {file = "requests-2.25.1.tar.gz", hash = "sha256:27973dd4a904a4f13b263a19c866c13b92a39ed1c964655f025f3f8d3d75b804"},
]
s3transfer = [
    {file = "s3transfer-0.3.6-py2.py3-none-any.whl", hash = "sha256:5d48b1fd2232141a9d5fb279709117aaba506cacea7f86f11bc392f06bfa8fc2"},
    {file = "s3transfer-0.3.6.tar.gz", hash = "sha256:c5dadf598762899d8cfaecf68eba649cd25b0ce93b6c954b156aaa3eed160547"},
]
sentry-sdk = [
    {file = "sentry-sdk-1.0.0.tar.gz", hash = "sha256:71de00c9711926816f750bc0f57ef2abbcb1bfbdf5378c601df7ec978f44857a"},
    {file = "sentry_sdk-1.0.0-py2.py3-none-any.whl", hash = "sha256:9221e985f425913204989d0e0e1cbb719e8b7fa10540f1bc509f660c06a34e66"},
]
six = [
    {file = "six-1.15.0-py2.py3-none-any.whl", hash = "sha256:8b74bedcbbbaca38ff6d7491d76f2b06b3592611af620f8426e82dddb04a5ced"},
    {file = "six-1.15.0.tar.gz", hash = "sha256:30639c035cdb23534cd4aa2dd52c3bf48f06e5f4a941509c8bafd8ce11080259"},
]
sqlparse = [
    {file = "sqlparse-0.4.1-py3-none-any.whl", hash = "sha256:017cde379adbd6a1f15a61873f43e8274179378e95ef3fede90b5aa64d304ed0"},
    {file = "sqlparse-0.4.1.tar.gz", hash = "sha256:0f91fd2e829c44362cbcfab3e9ae12e22badaa8a29ad5ff599f9ec109f0454e8"},
]
typing-extensions = [
    {file = "typing_extensions-3.7.4.3-py2-none-any.whl", hash = "sha256:dafc7639cde7f1b6e1acc0f457842a83e722ccca8eef5270af2d74792619a89f"},
    {file = "typing_extensions-3.7.4.3-py3-none-any.whl", hash = "sha256:7cb407020f00f7bfc3cb3e7881628838e69d8f3fcab2f64742a5e76b2f841918"},
    {file = "typing_extensions-3.7.4.3.tar.gz", hash = "sha256:99d4073b617d30288f569d3f13d2bd7548c3a7e4c8de87db09a9d29bb3a4a60c"},
]
urllib3 = [
    {file = "urllib3-1.22-py2.py3-none-any.whl", hash = "sha256:06330f386d6e4b195fbfc736b297f58c5a892e4440e54d294d7004e3a9bbea1b"},
    {file = "urllib3-1.22.tar.gz", hash = "sha256:cc44da8e1145637334317feebd728bd869a35285b93cbb4cca2577da7e62db4f"},
]
wcwidth = [
    {file = "wcwidth-0.2.5-py2.py3-none-any.whl", hash = "sha256:beb4802a9cebb9144e99086eff703a642a13d6a0052920003a230f3294bbe784"},
    {file = "wcwidth-0.2.5.tar.gz", hash = "sha256:c4d647b99872929fdb7bdcaa4fbe7f01413ed3d98077df798530e5b04f116c83"},
]
zipp = [
    {file = "zipp-3.4.1-py3-none-any.whl", hash = "sha256:51cb66cc54621609dd593d1787f286ee42a5c0adbb4b29abea5a63edc3e03098"},
    {file = "zipp-3.4.1.tar.gz", hash = "sha256:3607921face881ba3e026887d8150cca609d517579abe052ac81fc5aeffdbd76"},
]
